{
  "name": "pw4-frontend",
  "version": "0.1.0",
  "lockfileVersion": 3,
  "requires": true,
  "packages": {
    "": {
      "name": "pw4-frontend",
      "version": "0.1.0",
      "dependencies": {
        "bootstrap": "^5.3.3",
        "next": "15.0.2",
        "react": "19.0.0-rc-02c0e824-20241028",
        "react-dom": "19.0.0-rc-02c0e824-20241028"
      }
    },
    "node_modules/@emnapi/runtime": {
      "version": "1.3.1",
      "resolved": "https://registry.npmjs.org/@emnapi/runtime/-/runtime-1.3.1.tgz",
      "integrity": "sha512-kEBmG8KyqtxJZv+ygbEim+KCGtIq1fC22Ms3S4ziXmYKm8uyoLX0MHONVKwp+9opg390VaKRNt4a7A9NwmpNhw==",
      "optional": true,
      "dependencies": {
        "tslib": "^2.4.0"
      }
    },
    "node_modules/bootstrap": {
      "version": "5.3.3",
      "resolved": "https://registry.npmjs.org/bootstrap/-/bootstrap-5.3.3.tgz",
      "integrity": "sha512-8HLCdWgyoMguSO9o+aH+iuZ+aht+mzW0u3HIMzVu7Srrpv7EBBxTnrFlSCskwdY1+EOFQSm7uMJhNQHkdPcmjg==",
      "funding": [
        {
          "type": "github",
          "url": "https://github.com/sponsors/twbs"
        },
        {
          "type": "opencollective",
          "url": "https://opencollective.com/bootstrap"
        }
      ],
      "peerDependencies": {
        "@popperjs/core": "^2.11.8"
      }
    },
    "node_modules/next": {
      "version": "15.0.2",
      "resolved": "https://registry.npmjs.org/next/-/next-15.0.2.tgz",
      "integrity": "sha512-rxIWHcAu4gGSDmwsELXacqAPUk+j8dV/A9cDF5fsiCMpkBDYkO2AEaL1dfD+nNmDiU6QMCFN8Q30VEKapT9UHQ==",
      "dependencies": {
        "@next/env": "15.0.2",
        "@swc/counter": "0.1.3",
        "@swc/helpers": "0.5.13",
        "busboy": "1.6.0",
        "caniuse-lite": "^1.0.30001579",
        "postcss": "8.4.31",
        "styled-jsx": "5.1.6"
      },
      "bin": {
        "next": "dist/bin/next"
      },
      "engines": {
        "node": ">=18.18.0"
      },
      "optionalDependencies": {
        "@next/swc-darwin-arm64": "15.0.2",
        "@next/swc-darwin-x64": "15.0.2",
        "@next/swc-linux-arm64-gnu": "15.0.2",
        "@next/swc-linux-arm64-musl": "15.0.2",
        "@next/swc-linux-x64-gnu": "15.0.2",
        "@next/swc-linux-x64-musl": "15.0.2",
        "@next/swc-win32-arm64-msvc": "15.0.2",
        "@next/swc-win32-x64-msvc": "15.0.2",
        "sharp": "^0.33.5"
      },
      "peerDependencies": {
        "@opentelemetry/api": "^1.1.0",
        "@playwright/test": "^1.41.2",
        "babel-plugin-react-compiler": "*",
        "react": "^18.2.0 || 19.0.0-rc-02c0e824-20241028",
        "react-dom": "^18.2.0 || 19.0.0-rc-02c0e824-20241028",
        "sass": "^1.3.0"
      },
      "peerDependenciesMeta": {
        "@opentelemetry/api": {
          "optional": true
        },
        "@playwright/test": {
          "optional": true
        },
        "babel-plugin-react-compiler": {
          "optional": true
        },
        "sass": {
          "optional": true
        }
      }
    },
    "node_modules/@next/swc-darwin-arm64": {
      "version": "15.0.2",
      "resolved": "https://registry.npmjs.org/@next/swc-darwin-arm64/-/swc-darwin-arm64-15.0.2.tgz",
      "integrity": "sha512-GK+8w88z+AFlmt+ondytZo2xpwlfAR8U6CRwXancHImh6EdGfHMIrTSCcx5sOSBei00GyLVL0ioo1JLKTfprgg==",
      "cpu": [
        "arm64"
      ],
      "optional": true,
      "os": [
        "darwin"
      ],
      "engines": {
        "node": ">= 10"
      }
    },
    "node_modules/@next/swc-darwin-x64": {
      "version": "15.0.2",
      "resolved": "https://registry.npmjs.org/@next/swc-darwin-x64/-/swc-darwin-x64-15.0.2.tgz",
      "integrity": "sha512-KUpBVxIbjzFiUZhiLIpJiBoelqzQtVZbdNNsehhUn36e2YzKHphnK8eTUW1s/4aPy5kH/UTid8IuVbaOpedhpw==",
      "cpu": [
        "x64"
      ],
      "optional": true,
      "os": [
        "darwin"
      ],
      "engines": {
        "node": ">= 10"
      }
    },
    "node_modules/@next/swc-linux-arm64-gnu": {
      "version": "15.0.2",
      "resolved": "https://registry.npmjs.org/@next/swc-linux-arm64-gnu/-/swc-linux-arm64-gnu-15.0.2.tgz",
      "integrity": "sha512-9J7TPEcHNAZvwxXRzOtiUvwtTD+fmuY0l7RErf8Yyc7kMpE47MIQakl+3jecmkhOoIyi/Rp+ddq7j4wG6JDskQ==",
      "cpu": [
        "arm64"
      ],
      "optional": true,
      "os": [
        "linux"
      ],
      "engines": {
        "node": ">= 10"
      }
    },
    "node_modules/@next/swc-linux-arm64-musl": {
      "version": "15.0.2",
      "resolved": "https://registry.npmjs.org/@next/swc-linux-arm64-musl/-/swc-linux-arm64-musl-15.0.2.tgz",
      "integrity": "sha512-BjH4ZSzJIoTTZRh6rG+a/Ry4SW0HlizcPorqNBixBWc3wtQtj4Sn9FnRZe22QqrPnzoaW0ctvSz4FaH4eGKMww==",
      "cpu": [
        "arm64"
      ],
      "optional": true,
      "os": [
        "linux"
      ],
      "engines": {
        "node": ">= 10"
      }
    },
    "node_modules/@next/swc-linux-x64-gnu": {
      "version": "15.0.2",
      "resolved": "https://registry.npmjs.org/@next/swc-linux-x64-gnu/-/swc-linux-x64-gnu-15.0.2.tgz",
      "integrity": "sha512-i3U2TcHgo26sIhcwX/Rshz6avM6nizrZPvrDVDY1bXcLH1ndjbO8zuC7RoHp0NSK7wjJMPYzm7NYL1ksSKFreA==",
      "cpu": [
        "x64"
      ],
      "optional": true,
      "os": [
        "linux"
      ],
      "engines": {
        "node": ">= 10"
      }
    },
    "node_modules/@next/swc-linux-x64-musl": {
      "version": "15.0.2",
      "resolved": "https://registry.npmjs.org/@next/swc-linux-x64-musl/-/swc-linux-x64-musl-15.0.2.tgz",
      "integrity": "sha512-AMfZfSVOIR8fa+TXlAooByEF4OB00wqnms1sJ1v+iu8ivwvtPvnkwdzzFMpsK5jA2S9oNeeQ04egIWVb4QWmtQ==",
      "cpu": [
        "x64"
      ],
      "optional": true,
      "os": [
        "linux"
      ],
      "engines": {
        "node": ">= 10"
      }
    },
    "node_modules/@next/swc-win32-arm64-msvc": {
      "version": "15.0.2",
      "resolved": "https://registry.npmjs.org/@next/swc-win32-arm64-msvc/-/swc-win32-arm64-msvc-15.0.2.tgz",
      "integrity": "sha512-JkXysDT0/hEY47O+Hvs8PbZAeiCQVxKfGtr4GUpNAhlG2E0Mkjibuo8ryGD29Qb5a3IOnKYNoZlh/MyKd2Nbww==",
      "cpu": [
        "arm64"
      ],
      "optional": true,
      "os": [
        "win32"
      ],
      "engines": {
        "node": ">= 10"
      }
    },
    "node_modules/@next/swc-win32-x64-msvc": {
      "version": "15.0.2",
      "resolved": "https://registry.npmjs.org/@next/swc-win32-x64-msvc/-/swc-win32-x64-msvc-15.0.2.tgz",
      "integrity": "sha512-foaUL0NqJY/dX0Pi/UcZm5zsmSk5MtP/gxx3xOPyREkMFN+CTjctPfu3QaqrQHinaKdPnMWPJDKt4VjDfTBe/Q==",
      "cpu": [
        "x64"
      ],
      "optional": true,
      "os": [
        "win32"
      ],
      "engines": {
        "node": ">= 10"
      }
    }
  }
}
